// !$*UTF8*$!
{
	archiveVersion = 1;
	classes = {
	};
	objectVersion = 48;
	objects = {

/* Begin PBXBuildFile section */
		484FC65C204EA3AE00061CEE /* RestApi.swift in Sources */ = {isa = PBXBuildFile; fileRef = 484FC65B204EA3AE00061CEE /* RestApi.swift */; };
		484FC65E204EC03500061CEE /* ObtenerPeliculaResponse.swift in Sources */ = {isa = PBXBuildFile; fileRef = 484FC65D204EC03500061CEE /* ObtenerPeliculaResponse.swift */; };
		484FC660204EC20B00061CEE /* RestApiError.swift in Sources */ = {isa = PBXBuildFile; fileRef = 484FC65F204EC20B00061CEE /* RestApiError.swift */; };
		485C401E203EDD7400AD84E8 /* AppDelegate.swift in Sources */ = {isa = PBXBuildFile; fileRef = 485C401D203EDD7400AD84E8 /* AppDelegate.swift */; };
		485C4020203EDD7400AD84E8 /* ViewController.swift in Sources */ = {isa = PBXBuildFile; fileRef = 485C401F203EDD7400AD84E8 /* ViewController.swift */; };
		485C4023203EDD7400AD84E8 /* Main.storyboard in Resources */ = {isa = PBXBuildFile; fileRef = 485C4021203EDD7400AD84E8 /* Main.storyboard */; };
		485C4025203EDD7400AD84E8 /* Assets.xcassets in Resources */ = {isa = PBXBuildFile; fileRef = 485C4024203EDD7400AD84E8 /* Assets.xcassets */; };
		485C4028203EDD7400AD84E8 /* LaunchScreen.storyboard in Resources */ = {isa = PBXBuildFile; fileRef = 485C4026203EDD7400AD84E8 /* LaunchScreen.storyboard */; };
		485C4033203EDD7400AD84E8 /* PruebaTablasTests.swift in Sources */ = {isa = PBXBuildFile; fileRef = 485C4032203EDD7400AD84E8 /* PruebaTablasTests.swift */; };
		485C403E203EDD7500AD84E8 /* PruebaTablasUITests.swift in Sources */ = {isa = PBXBuildFile; fileRef = 485C403D203EDD7500AD84E8 /* PruebaTablasUITests.swift */; };
		485C404C204361D100AD84E8 /* PeliculaViewCell.swift in Sources */ = {isa = PBXBuildFile; fileRef = 485C404B204361D100AD84E8 /* PeliculaViewCell.swift */; };
		485C404E204532A000AD84E8 /* Pelicula.swift in Sources */ = {isa = PBXBuildFile; fileRef = 485C404D204532A000AD84E8 /* Pelicula.swift */; };
		485C4050204539BC00AD84E8 /* DetailViewController.swift in Sources */ = {isa = PBXBuildFile; fileRef = 485C404F204539BC00AD84E8 /* DetailViewController.swift */; };
		48F4004020544E96004AE0FA /* NewPeliculaViewController.swift in Sources */ = {isa = PBXBuildFile; fileRef = 48F4003F20544E96004AE0FA /* NewPeliculaViewController.swift */; };
		50844759D5694976BD7DD5E7 /* Pods_PruebaTablasUITests.framework in Frameworks */ = {isa = PBXBuildFile; fileRef = 0EC11A4CD2C8F7A4A578C0BB /* Pods_PruebaTablasUITests.framework */; };
		A740CE676B3A8C96CFF6449E /* Pods_PruebaTablasTests.framework in Frameworks */ = {isa = PBXBuildFile; fileRef = 340AE5B51500873AF2F66474 /* Pods_PruebaTablasTests.framework */; };
		D0256ADDF470B5D05DB2B65C /* Pods_PruebaTablas.framework in Frameworks */ = {isa = PBXBuildFile; fileRef = 53ABA505A767DF359D34791D /* Pods_PruebaTablas.framework */; };
/* End PBXBuildFile section */

/* Begin PBXContainerItemProxy section */
		485C402F203EDD7400AD84E8 /* PBXContainerItemProxy */ = {
			isa = PBXContainerItemProxy;
			containerPortal = 485C4012203EDD7400AD84E8 /* Project object */;
			proxyType = 1;
			remoteGlobalIDString = 485C4019203EDD7400AD84E8;
			remoteInfo = PruebaTablas;
		};
		485C403A203EDD7500AD84E8 /* PBXContainerItemProxy */ = {
			isa = PBXContainerItemProxy;
			containerPortal = 485C4012203EDD7400AD84E8 /* Project object */;
			proxyType = 1;
			remoteGlobalIDString = 485C4019203EDD7400AD84E8;
			remoteInfo = PruebaTablas;
		};
/* End PBXContainerItemProxy section */

/* Begin PBXFileReference section */
		0EC11A4CD2C8F7A4A578C0BB /* Pods_PruebaTablasUITests.framework */ = {isa = PBXFileReference; explicitFileType = wrapper.framework; includeInIndex = 0; path = Pods_PruebaTablasUITests.framework; sourceTree = BUILT_PRODUCTS_DIR; };
		111399BC3131584F323107F1 /* Pods-PruebaTablasUITests.debug.xcconfig */ = {isa = PBXFileReference; includeInIndex = 1; lastKnownFileType = text.xcconfig; name = "Pods-PruebaTablasUITests.debug.xcconfig"; path = "Pods/Target Support Files/Pods-PruebaTablasUITests/Pods-PruebaTablasUITests.debug.xcconfig"; sourceTree = "<group>"; };
		117ACF03F4CB13983DF6740B /* Pods-PruebaTablasTests.debug.xcconfig */ = {isa = PBXFileReference; includeInIndex = 1; lastKnownFileType = text.xcconfig; name = "Pods-PruebaTablasTests.debug.xcconfig"; path = "Pods/Target Support Files/Pods-PruebaTablasTests/Pods-PruebaTablasTests.debug.xcconfig"; sourceTree = "<group>"; };
		340AE5B51500873AF2F66474 /* Pods_PruebaTablasTests.framework */ = {isa = PBXFileReference; explicitFileType = wrapper.framework; includeInIndex = 0; path = Pods_PruebaTablasTests.framework; sourceTree = BUILT_PRODUCTS_DIR; };
		484FC65B204EA3AE00061CEE /* RestApi.swift */ = {isa = PBXFileReference; lastKnownFileType = sourcecode.swift; path = RestApi.swift; sourceTree = "<group>"; };
		484FC65D204EC03500061CEE /* ObtenerPeliculaResponse.swift */ = {isa = PBXFileReference; lastKnownFileType = sourcecode.swift; path = ObtenerPeliculaResponse.swift; sourceTree = "<group>"; };
		484FC65F204EC20B00061CEE /* RestApiError.swift */ = {isa = PBXFileReference; lastKnownFileType = sourcecode.swift; path = RestApiError.swift; sourceTree = "<group>"; };
		485C401A203EDD7400AD84E8 /* PruebaTablas.app */ = {isa = PBXFileReference; explicitFileType = wrapper.application; includeInIndex = 0; path = PruebaTablas.app; sourceTree = BUILT_PRODUCTS_DIR; };
		485C401D203EDD7400AD84E8 /* AppDelegate.swift */ = {isa = PBXFileReference; lastKnownFileType = sourcecode.swift; path = AppDelegate.swift; sourceTree = "<group>"; };
		485C401F203EDD7400AD84E8 /* ViewController.swift */ = {isa = PBXFileReference; lastKnownFileType = sourcecode.swift; path = ViewController.swift; sourceTree = "<group>"; };
		485C4022203EDD7400AD84E8 /* Base */ = {isa = PBXFileReference; lastKnownFileType = file.storyboard; name = Base; path = Base.lproj/Main.storyboard; sourceTree = "<group>"; };
		485C4024203EDD7400AD84E8 /* Assets.xcassets */ = {isa = PBXFileReference; lastKnownFileType = folder.assetcatalog; path = Assets.xcassets; sourceTree = "<group>"; };
		485C4027203EDD7400AD84E8 /* Base */ = {isa = PBXFileReference; lastKnownFileType = file.storyboard; name = Base; path = Base.lproj/LaunchScreen.storyboard; sourceTree = "<group>"; };
		485C4029203EDD7400AD84E8 /* Info.plist */ = {isa = PBXFileReference; lastKnownFileType = text.plist.xml; path = Info.plist; sourceTree = "<group>"; };
		485C402E203EDD7400AD84E8 /* PruebaTablasTests.xctest */ = {isa = PBXFileReference; explicitFileType = wrapper.cfbundle; includeInIndex = 0; path = PruebaTablasTests.xctest; sourceTree = BUILT_PRODUCTS_DIR; };
		485C4032203EDD7400AD84E8 /* PruebaTablasTests.swift */ = {isa = PBXFileReference; lastKnownFileType = sourcecode.swift; path = PruebaTablasTests.swift; sourceTree = "<group>"; };
		485C4034203EDD7400AD84E8 /* Info.plist */ = {isa = PBXFileReference; lastKnownFileType = text.plist.xml; path = Info.plist; sourceTree = "<group>"; };
		485C4039203EDD7400AD84E8 /* PruebaTablasUITests.xctest */ = {isa = PBXFileReference; explicitFileType = wrapper.cfbundle; includeInIndex = 0; path = PruebaTablasUITests.xctest; sourceTree = BUILT_PRODUCTS_DIR; };
		485C403D203EDD7500AD84E8 /* PruebaTablasUITests.swift */ = {isa = PBXFileReference; lastKnownFileType = sourcecode.swift; path = PruebaTablasUITests.swift; sourceTree = "<group>"; };
		485C403F203EDD7500AD84E8 /* Info.plist */ = {isa = PBXFileReference; lastKnownFileType = text.plist.xml; path = Info.plist; sourceTree = "<group>"; };
		485C404B204361D100AD84E8 /* PeliculaViewCell.swift */ = {isa = PBXFileReference; lastKnownFileType = sourcecode.swift; path = PeliculaViewCell.swift; sourceTree = "<group>"; };
		485C404D204532A000AD84E8 /* Pelicula.swift */ = {isa = PBXFileReference; lastKnownFileType = sourcecode.swift; path = Pelicula.swift; sourceTree = "<group>"; };
		485C404F204539BC00AD84E8 /* DetailViewController.swift */ = {isa = PBXFileReference; lastKnownFileType = sourcecode.swift; path = DetailViewController.swift; sourceTree = "<group>"; };
		48F4003F20544E96004AE0FA /* NewPeliculaViewController.swift */ = {isa = PBXFileReference; lastKnownFileType = sourcecode.swift; path = NewPeliculaViewController.swift; sourceTree = "<group>"; };
		53ABA505A767DF359D34791D /* Pods_PruebaTablas.framework */ = {isa = PBXFileReference; explicitFileType = wrapper.framework; includeInIndex = 0; path = Pods_PruebaTablas.framework; sourceTree = BUILT_PRODUCTS_DIR; };
		738B0D647D48728513AE6553 /* Pods-PruebaTablas.release.xcconfig */ = {isa = PBXFileReference; includeInIndex = 1; lastKnownFileType = text.xcconfig; name = "Pods-PruebaTablas.release.xcconfig"; path = "Pods/Target Support Files/Pods-PruebaTablas/Pods-PruebaTablas.release.xcconfig"; sourceTree = "<group>"; };
		B226C76CF40AF498E65B2D9F /* Pods-PruebaTablas.debug.xcconfig */ = {isa = PBXFileReference; includeInIndex = 1; lastKnownFileType = text.xcconfig; name = "Pods-PruebaTablas.debug.xcconfig"; path = "Pods/Target Support Files/Pods-PruebaTablas/Pods-PruebaTablas.debug.xcconfig"; sourceTree = "<group>"; };
		BA9EB0C5479D45A547E7CD3E /* Pods-PruebaTablasUITests.release.xcconfig */ = {isa = PBXFileReference; includeInIndex = 1; lastKnownFileType = text.xcconfig; name = "Pods-PruebaTablasUITests.release.xcconfig"; path = "Pods/Target Support Files/Pods-PruebaTablasUITests/Pods-PruebaTablasUITests.release.xcconfig"; sourceTree = "<group>"; };
		DDE263D240766765FE0DD405 /* Pods-PruebaTablasTests.release.xcconfig */ = {isa = PBXFileReference; includeInIndex = 1; lastKnownFileType = text.xcconfig; name = "Pods-PruebaTablasTests.release.xcconfig"; path = "Pods/Target Support Files/Pods-PruebaTablasTests/Pods-PruebaTablasTests.release.xcconfig"; sourceTree = "<group>"; };
/* End PBXFileReference section */

/* Begin PBXFrameworksBuildPhase section */
		485C4017203EDD7400AD84E8 /* Frameworks */ = {
			isa = PBXFrameworksBuildPhase;
			buildActionMask = 2147483647;
			files = (
				D0256ADDF470B5D05DB2B65C /* Pods_PruebaTablas.framework in Frameworks */,
			);
			runOnlyForDeploymentPostprocessing = 0;
		};
		485C402B203EDD7400AD84E8 /* Frameworks */ = {
			isa = PBXFrameworksBuildPhase;
			buildActionMask = 2147483647;
			files = (
				A740CE676B3A8C96CFF6449E /* Pods_PruebaTablasTests.framework in Frameworks */,
			);
			runOnlyForDeploymentPostprocessing = 0;
		};
		485C4036203EDD7400AD84E8 /* Frameworks */ = {
			isa = PBXFrameworksBuildPhase;
			buildActionMask = 2147483647;
			files = (
				50844759D5694976BD7DD5E7 /* Pods_PruebaTablasUITests.framework in Frameworks */,
			);
			runOnlyForDeploymentPostprocessing = 0;
		};
/* End PBXFrameworksBuildPhase section */

/* Begin PBXGroup section */
		485C4011203EDD7400AD84E8 = {
			isa = PBXGroup;
			children = (
				485C401C203EDD7400AD84E8 /* PruebaTablas */,
				485C4031203EDD7400AD84E8 /* PruebaTablasTests */,
				485C403C203EDD7500AD84E8 /* PruebaTablasUITests */,
				485C401B203EDD7400AD84E8 /* Products */,
				CE09E5BA24610E4C9D4C5256 /* Pods */,
				758C93721F0608BE4FA11195 /* Frameworks */,
			);
			sourceTree = "<group>";
		};
		485C401B203EDD7400AD84E8 /* Products */ = {
			isa = PBXGroup;
			children = (
				485C401A203EDD7400AD84E8 /* PruebaTablas.app */,
				485C402E203EDD7400AD84E8 /* PruebaTablasTests.xctest */,
				485C4039203EDD7400AD84E8 /* PruebaTablasUITests.xctest */,
			);
			name = Products;
			sourceTree = "<group>";
		};
		485C401C203EDD7400AD84E8 /* PruebaTablas */ = {
			isa = PBXGroup;
			children = (
				48F4004420544F28004AE0FA /* View */,
				48F4004320544F04004AE0FA /* ViewController */,
				48F4004220544ECE004AE0FA /* WebRest */,
				48F4004120544EB0004AE0FA /* Model */,
				485C401D203EDD7400AD84E8 /* AppDelegate.swift */,
				485C4024203EDD7400AD84E8 /* Assets.xcassets */,
				485C4026203EDD7400AD84E8 /* LaunchScreen.storyboard */,
				485C4029203EDD7400AD84E8 /* Info.plist */,
			);
			path = PruebaTablas;
			sourceTree = "<group>";
		};
		485C4031203EDD7400AD84E8 /* PruebaTablasTests */ = {
			isa = PBXGroup;
			children = (
				485C4032203EDD7400AD84E8 /* PruebaTablasTests.swift */,
				485C4034203EDD7400AD84E8 /* Info.plist */,
			);
			path = PruebaTablasTests;
			sourceTree = "<group>";
		};
		485C403C203EDD7500AD84E8 /* PruebaTablasUITests */ = {
			isa = PBXGroup;
			children = (
				485C403D203EDD7500AD84E8 /* PruebaTablasUITests.swift */,
				485C403F203EDD7500AD84E8 /* Info.plist */,
			);
			path = PruebaTablasUITests;
			sourceTree = "<group>";
		};
		48F4004120544EB0004AE0FA /* Model */ = {
			isa = PBXGroup;
			children = (
				485C404D204532A000AD84E8 /* Pelicula.swift */,
			);
			path = Model;
			sourceTree = "<group>";
		};
		48F4004220544ECE004AE0FA /* WebRest */ = {
			isa = PBXGroup;
			children = (
				484FC65B204EA3AE00061CEE /* RestApi.swift */,
				484FC65F204EC20B00061CEE /* RestApiError.swift */,
				484FC65D204EC03500061CEE /* ObtenerPeliculaResponse.swift */,
			);
			path = WebRest;
			sourceTree = "<group>";
		};
		48F4004320544F04004AE0FA /* ViewController */ = {
			isa = PBXGroup;
			children = (
				485C404B204361D100AD84E8 /* PeliculaViewCell.swift */,
				485C401F203EDD7400AD84E8 /* ViewController.swift */,
				485C404F204539BC00AD84E8 /* DetailViewController.swift */,
				48F4003F20544E96004AE0FA /* NewPeliculaViewController.swift */,
			);
			path = ViewController;
			sourceTree = "<group>";
		};
		48F4004420544F28004AE0FA /* View */ = {
			isa = PBXGroup;
			children = (
				485C4021203EDD7400AD84E8 /* Main.storyboard */,
			);
			path = View;
			sourceTree = "<group>";
		};
		758C93721F0608BE4FA11195 /* Frameworks */ = {
			isa = PBXGroup;
			children = (
				53ABA505A767DF359D34791D /* Pods_PruebaTablas.framework */,
				340AE5B51500873AF2F66474 /* Pods_PruebaTablasTests.framework */,
				0EC11A4CD2C8F7A4A578C0BB /* Pods_PruebaTablasUITests.framework */,
			);
			name = Frameworks;
			sourceTree = "<group>";
		};
		CE09E5BA24610E4C9D4C5256 /* Pods */ = {
			isa = PBXGroup;
			children = (
				B226C76CF40AF498E65B2D9F /* Pods-PruebaTablas.debug.xcconfig */,
				738B0D647D48728513AE6553 /* Pods-PruebaTablas.release.xcconfig */,
				117ACF03F4CB13983DF6740B /* Pods-PruebaTablasTests.debug.xcconfig */,
				DDE263D240766765FE0DD405 /* Pods-PruebaTablasTests.release.xcconfig */,
				111399BC3131584F323107F1 /* Pods-PruebaTablasUITests.debug.xcconfig */,
				BA9EB0C5479D45A547E7CD3E /* Pods-PruebaTablasUITests.release.xcconfig */,
			);
			name = Pods;
			sourceTree = "<group>";
		};
/* End PBXGroup section */

/* Begin PBXNativeTarget section */
		485C4019203EDD7400AD84E8 /* PruebaTablas */ = {
			isa = PBXNativeTarget;
			buildConfigurationList = 485C4042203EDD7500AD84E8 /* Build configuration list for PBXNativeTarget "PruebaTablas" */;
			buildPhases = (
				0F54EC31B5745B6F9B3DC88E /* [CP] Check Pods Manifest.lock */,
				485C4016203EDD7400AD84E8 /* Sources */,
				485C4017203EDD7400AD84E8 /* Frameworks */,
				485C4018203EDD7400AD84E8 /* Resources */,
				9D80788BDEBB2E7AB9B66554 /* [CP] Embed Pods Frameworks */,
				24D9A2AF29B9F7FB981FC9DF /* [CP] Copy Pods Resources */,
			);
			buildRules = (
			);
			dependencies = (
			);
			name = PruebaTablas;
			productName = PruebaTablas;
			productReference = 485C401A203EDD7400AD84E8 /* PruebaTablas.app */;
			productType = "com.apple.product-type.application";
		};
		485C402D203EDD7400AD84E8 /* PruebaTablasTests */ = {
			isa = PBXNativeTarget;
			buildConfigurationList = 485C4045203EDD7500AD84E8 /* Build configuration list for PBXNativeTarget "PruebaTablasTests" */;
			buildPhases = (
				073A3D084C4764536E3A94DF /* [CP] Check Pods Manifest.lock */,
				485C402A203EDD7400AD84E8 /* Sources */,
				485C402B203EDD7400AD84E8 /* Frameworks */,
				485C402C203EDD7400AD84E8 /* Resources */,
				B8BEA1B26A5D12C62617D6C7 /* [CP] Embed Pods Frameworks */,
				F2B14E24D90107CA330C65FA /* [CP] Copy Pods Resources */,
			);
			buildRules = (
			);
			dependencies = (
				485C4030203EDD7400AD84E8 /* PBXTargetDependency */,
			);
			name = PruebaTablasTests;
			productName = PruebaTablasTests;
			productReference = 485C402E203EDD7400AD84E8 /* PruebaTablasTests.xctest */;
			productType = "com.apple.product-type.bundle.unit-test";
		};
		485C4038203EDD7400AD84E8 /* PruebaTablasUITests */ = {
			isa = PBXNativeTarget;
			buildConfigurationList = 485C4048203EDD7500AD84E8 /* Build configuration list for PBXNativeTarget "PruebaTablasUITests" */;
			buildPhases = (
				AAB00C522184686F7CB6CAC6 /* [CP] Check Pods Manifest.lock */,
				485C4035203EDD7400AD84E8 /* Sources */,
				485C4036203EDD7400AD84E8 /* Frameworks */,
				485C4037203EDD7400AD84E8 /* Resources */,
				876CB805D1D43E7DF3BFE1AB /* [CP] Embed Pods Frameworks */,
				25BCD5E5C2846FD35DD474E1 /* [CP] Copy Pods Resources */,
			);
			buildRules = (
			);
			dependencies = (
				485C403B203EDD7500AD84E8 /* PBXTargetDependency */,
			);
			name = PruebaTablasUITests;
			productName = PruebaTablasUITests;
			productReference = 485C4039203EDD7400AD84E8 /* PruebaTablasUITests.xctest */;
			productType = "com.apple.product-type.bundle.ui-testing";
		};
/* End PBXNativeTarget section */

/* Begin PBXProject section */
		485C4012203EDD7400AD84E8 /* Project object */ = {
			isa = PBXProject;
			attributes = {
				LastSwiftUpdateCheck = 0920;
				LastUpgradeCheck = 0920;
				ORGANIZATIONNAME = "Pedro Vera";
				TargetAttributes = {
					485C4019203EDD7400AD84E8 = {
						CreatedOnToolsVersion = 9.2;
						ProvisioningStyle = Automatic;
					};
					485C402D203EDD7400AD84E8 = {
						CreatedOnToolsVersion = 9.2;
						ProvisioningStyle = Automatic;
						TestTargetID = 485C4019203EDD7400AD84E8;
					};
					485C4038203EDD7400AD84E8 = {
						CreatedOnToolsVersion = 9.2;
						ProvisioningStyle = Automatic;
						TestTargetID = 485C4019203EDD7400AD84E8;
					};
				};
			};
			buildConfigurationList = 485C4015203EDD7400AD84E8 /* Build configuration list for PBXProject "PruebaTablas" */;
			compatibilityVersion = "Xcode 8.0";
			developmentRegion = en;
			hasScannedForEncodings = 0;
			knownRegions = (
				en,
				Base,
			);
			mainGroup = 485C4011203EDD7400AD84E8;
			productRefGroup = 485C401B203EDD7400AD84E8 /* Products */;
			projectDirPath = "";
			projectRoot = "";
			targets = (
				485C4019203EDD7400AD84E8 /* PruebaTablas */,
				485C402D203EDD7400AD84E8 /* PruebaTablasTests */,
				485C4038203EDD7400AD84E8 /* PruebaTablasUITests */,
			);
		};
/* End PBXProject section */

/* Begin PBXResourcesBuildPhase section */
		485C4018203EDD7400AD84E8 /* Resources */ = {
			isa = PBXResourcesBuildPhase;
			buildActionMask = 2147483647;
			files = (
				485C4028203EDD7400AD84E8 /* LaunchScreen.storyboard in Resources */,
				485C4025203EDD7400AD84E8 /* Assets.xcassets in Resources */,
				485C4023203EDD7400AD84E8 /* Main.storyboard in Resources */,
			);
			runOnlyForDeploymentPostprocessing = 0;
		};
		485C402C203EDD7400AD84E8 /* Resources */ = {
			isa = PBXResourcesBuildPhase;
			buildActionMask = 2147483647;
			files = (
			);
			runOnlyForDeploymentPostprocessing = 0;
		};
		485C4037203EDD7400AD84E8 /* Resources */ = {
			isa = PBXResourcesBuildPhase;
			buildActionMask = 2147483647;
			files = (
			);
			runOnlyForDeploymentPostprocessing = 0;
		};
/* End PBXResourcesBuildPhase section */

/* Begin PBXShellScriptBuildPhase section */
		073A3D084C4764536E3A94DF /* [CP] Check Pods Manifest.lock */ = {
			isa = PBXShellScriptBuildPhase;
			buildActionMask = 2147483647;
			files = (
			);
			inputPaths = (
				"${PODS_PODFILE_DIR_PATH}/Podfile.lock",
				"${PODS_ROOT}/Manifest.lock",
			);
			name = "[CP] Check Pods Manifest.lock";
			outputPaths = (
				"$(DERIVED_FILE_DIR)/Pods-PruebaTablasTests-checkManifestLockResult.txt",
			);
			runOnlyForDeploymentPostprocessing = 0;
			shellPath = /bin/sh;
			shellScript = "diff \"${PODS_PODFILE_DIR_PATH}/Podfile.lock\" \"${PODS_ROOT}/Manifest.lock\" > /dev/null\nif [ $? != 0 ] ; then\n    # print error to STDERR\n    echo \"error: The sandbox is not in sync with the Podfile.lock. Run 'pod install' or update your CocoaPods installation.\" >&2\n    exit 1\nfi\n# This output is used by Xcode 'outputs' to avoid re-running this script phase.\necho \"SUCCESS\" > \"${SCRIPT_OUTPUT_FILE_0}\"\n";
			showEnvVarsInLog = 0;
		};
		0F54EC31B5745B6F9B3DC88E /* [CP] Check Pods Manifest.lock */ = {
			isa = PBXShellScriptBuildPhase;
			buildActionMask = 2147483647;
			files = (
			);
			inputPaths = (
				"${PODS_PODFILE_DIR_PATH}/Podfile.lock",
				"${PODS_ROOT}/Manifest.lock",
			);
			name = "[CP] Check Pods Manifest.lock";
			outputPaths = (
				"$(DERIVED_FILE_DIR)/Pods-PruebaTablas-checkManifestLockResult.txt",
			);
			runOnlyForDeploymentPostprocessing = 0;
			shellPath = /bin/sh;
			shellScript = "diff \"${PODS_PODFILE_DIR_PATH}/Podfile.lock\" \"${PODS_ROOT}/Manifest.lock\" > /dev/null\nif [ $? != 0 ] ; then\n    # print error to STDERR\n    echo \"error: The sandbox is not in sync with the Podfile.lock. Run 'pod install' or update your CocoaPods installation.\" >&2\n    exit 1\nfi\n# This output is used by Xcode 'outputs' to avoid re-running this script phase.\necho \"SUCCESS\" > \"${SCRIPT_OUTPUT_FILE_0}\"\n";
			showEnvVarsInLog = 0;
		};
		24D9A2AF29B9F7FB981FC9DF /* [CP] Copy Pods Resources */ = {
			isa = PBXShellScriptBuildPhase;
			buildActionMask = 2147483647;
			files = (
			);
			inputPaths = (
			);
			name = "[CP] Copy Pods Resources";
			outputPaths = (
			);
			runOnlyForDeploymentPostprocessing = 0;
			shellPath = /bin/sh;
			shellScript = "\"${SRCROOT}/Pods/Target Support Files/Pods-PruebaTablas/Pods-PruebaTablas-resources.sh\"\n";
			showEnvVarsInLog = 0;
		};
		25BCD5E5C2846FD35DD474E1 /* [CP] Copy Pods Resources */ = {
			isa = PBXShellScriptBuildPhase;
			buildActionMask = 2147483647;
			files = (
			);
			inputPaths = (
			);
			name = "[CP] Copy Pods Resources";
			outputPaths = (
			);
			runOnlyForDeploymentPostprocessing = 0;
			shellPath = /bin/sh;
			shellScript = "\"${SRCROOT}/Pods/Target Support Files/Pods-PruebaTablasUITests/Pods-PruebaTablasUITests-resources.sh\"\n";
			showEnvVarsInLog = 0;
		};
		876CB805D1D43E7DF3BFE1AB /* [CP] Embed Pods Frameworks */ = {
			isa = PBXShellScriptBuildPhase;
			buildActionMask = 2147483647;
			files = (
			);
			inputPaths = (
			);
			name = "[CP] Embed Pods Frameworks";
			outputPaths = (
			);
			runOnlyForDeploymentPostprocessing = 0;
			shellPath = /bin/sh;
			shellScript = "\"${SRCROOT}/Pods/Target Support Files/Pods-PruebaTablasUITests/Pods-PruebaTablasUITests-frameworks.sh\"\n";
			showEnvVarsInLog = 0;
		};
		9D80788BDEBB2E7AB9B66554 /* [CP] Embed Pods Frameworks */ = {
			isa = PBXShellScriptBuildPhase;
			buildActionMask = 2147483647;
			files = (
			);
			inputPaths = (
				"${SRCROOT}/Pods/Target Support Files/Pods-PruebaTablas/Pods-PruebaTablas-frameworks.sh",
				"${BUILT_PRODUCTS_DIR}/Alamofire/Alamofire.framework",
				"${BUILT_PRODUCTS_DIR}/ReachabilitySwift/ReachabilitySwift.framework",
				"${BUILT_PRODUCTS_DIR}/SVProgressHUD/SVProgressHUD.framework",
			);
			name = "[CP] Embed Pods Frameworks";
			outputPaths = (
				"${TARGET_BUILD_DIR}/${FRAMEWORKS_FOLDER_PATH}/Alamofire.framework",
				"${TARGET_BUILD_DIR}/${FRAMEWORKS_FOLDER_PATH}/ReachabilitySwift.framework",
				"${TARGET_BUILD_DIR}/${FRAMEWORKS_FOLDER_PATH}/SVProgressHUD.framework",
			);
			runOnlyForDeploymentPostprocessing = 0;
			shellPath = /bin/sh;
			shellScript = "\"${SRCROOT}/Pods/Target Support Files/Pods-PruebaTablas/Pods-PruebaTablas-frameworks.sh\"\n";
			showEnvVarsInLog = 0;
		};
		AAB00C522184686F7CB6CAC6 /* [CP] Check Pods Manifest.lock */ = {
			isa = PBXShellScriptBuildPhase;
			buildActionMask = 2147483647;
			files = (
			);
			inputPaths = (
				"${PODS_PODFILE_DIR_PATH}/Podfile.lock",
				"${PODS_ROOT}/Manifest.lock",
			);
			name = "[CP] Check Pods Manifest.lock";
			outputPaths = (
				"$(DERIVED_FILE_DIR)/Pods-PruebaTablasUITests-checkManifestLockResult.txt",
			);
			runOnlyForDeploymentPostprocessing = 0;
			shellPath = /bin/sh;
			shellScript = "diff \"${PODS_PODFILE_DIR_PATH}/Podfile.lock\" \"${PODS_ROOT}/Manifest.lock\" > /dev/null\nif [ $? != 0 ] ; then\n    # print error to STDERR\n    echo \"error: The sandbox is not in sync with the Podfile.lock. Run 'pod install' or update your CocoaPods installation.\" >&2\n    exit 1\nfi\n# This output is used by Xcode 'outputs' to avoid re-running this script phase.\necho \"SUCCESS\" > \"${SCRIPT_OUTPUT_FILE_0}\"\n";
			showEnvVarsInLog = 0;
		};
		B8BEA1B26A5D12C62617D6C7 /* [CP] Embed Pods Frameworks */ = {
			isa = PBXShellScriptBuildPhase;
			buildActionMask = 2147483647;
			files = (
			);
			inputPaths = (
			);
			name = "[CP] Embed Pods Frameworks";
			outputPaths = (
			);
			runOnlyForDeploymentPostprocessing = 0;
			shellPath = /bin/sh;
			shellScript = "\"${SRCROOT}/Pods/Target Support Files/Pods-PruebaTablasTests/Pods-PruebaTablasTests-frameworks.sh\"\n";
			showEnvVarsInLog = 0;
		};
		F2B14E24D90107CA330C65FA /* [CP] Copy Pods Resources */ = {
			isa = PBXShellScriptBuildPhase;
			buildActionMask = 2147483647;
			files = (
			);
			inputPaths = (
			);
			name = "[CP] Copy Pods Resources";
			outputPaths = (
			);
			runOnlyForDeploymentPostprocessing = 0;
			shellPath = /bin/sh;
			shellScript = "\"${SRCROOT}/Pods/Target Support Files/Pods-PruebaTablasTests/Pods-PruebaTablasTests-resources.sh\"\n";
			showEnvVarsInLog = 0;
		};
/* End PBXShellScriptBuildPhase section */

/* Begin PBXSourcesBuildPhase section */
		485C4016203EDD7400AD84E8 /* Sources */ = {
			isa = PBXSourcesBuildPhase;
			buildActionMask = 2147483647;
			files = (
				48F4004020544E96004AE0FA /* NewPeliculaViewController.swift in Sources */,
				485C404E204532A000AD84E8 /* Pelicula.swift in Sources */,
				485C4020203EDD7400AD84E8 /* ViewController.swift in Sources */,
				484FC65E204EC03500061CEE /* ObtenerPeliculaResponse.swift in Sources */,
				484FC65C204EA3AE00061CEE /* RestApi.swift in Sources */,
				485C4050204539BC00AD84E8 /* DetailViewController.swift in Sources */,
				485C401E203EDD7400AD84E8 /* AppDelegate.swift in Sources */,
				485C404C204361D100AD84E8 /* PeliculaViewCell.swift in Sources */,
				484FC660204EC20B00061CEE /* RestApiError.swift in Sources */,
			);
			runOnlyForDeploymentPostprocessing = 0;
		};
		485C402A203EDD7400AD84E8 /* Sources */ = {
			isa = PBXSourcesBuildPhase;
			buildActionMask = 2147483647;
			files = (
				485C4033203EDD7400AD84E8 /* PruebaTablasTests.swift in Sources */,
			);
			runOnlyForDeploymentPostprocessing = 0;
		};
		485C4035203EDD7400AD84E8 /* Sources */ = {
			isa = PBXSourcesBuildPhase;
			buildActionMask = 2147483647;
			files = (
				485C403E203EDD7500AD84E8 /* PruebaTablasUITests.swift in Sources */,
			);
			runOnlyForDeploymentPostprocessing = 0;
		};
/* End PBXSourcesBuildPhase section */

/* Begin PBXTargetDependency section */
		485C4030203EDD7400AD84E8 /* PBXTargetDependency */ = {
			isa = PBXTargetDependency;
			target = 485C4019203EDD7400AD84E8 /* PruebaTablas */;
			targetProxy = 485C402F203EDD7400AD84E8 /* PBXContainerItemProxy */;
		};
		485C403B203EDD7500AD84E8 /* PBXTargetDependency */ = {
			isa = PBXTargetDependency;
			target = 485C4019203EDD7400AD84E8 /* PruebaTablas */;
			targetProxy = 485C403A203EDD7500AD84E8 /* PBXContainerItemProxy */;
		};
/* End PBXTargetDependency section */

/* Begin PBXVariantGroup section */
		485C4021203EDD7400AD84E8 /* Main.storyboard */ = {
			isa = PBXVariantGroup;
			children = (
				485C4022203EDD7400AD84E8 /* Base */,
			);
			name = Main.storyboard;
			sourceTree = "<group>";
		};
		485C4026203EDD7400AD84E8 /* LaunchScreen.storyboard */ = {
			isa = PBXVariantGroup;
			children = (
				485C4027203EDD7400AD84E8 /* Base */,
			);
			name = LaunchScreen.storyboard;
			sourceTree = "<group>";
		};
/* End PBXVariantGroup section */

/* Begin XCBuildConfiguration section */
		485C4040203EDD7500AD84E8 /* Debug */ = {
			isa = XCBuildConfiguration;
			buildSettings = {
				ALWAYS_SEARCH_USER_PATHS = NO;
				CLANG_ANALYZER_NONNULL = YES;
				CLANG_ANALYZER_NUMBER_OBJECT_CONVERSION = YES_AGGRESSIVE;
				CLANG_CXX_LANGUAGE_STANDARD = "gnu++14";
				CLANG_CXX_LIBRARY = "libc++";
				CLANG_ENABLE_MODULES = YES;
				CLANG_ENABLE_OBJC_ARC = YES;
				CLANG_WARN_BLOCK_CAPTURE_AUTORELEASING = YES;
				CLANG_WARN_BOOL_CONVERSION = YES;
				CLANG_WARN_COMMA = YES;
				CLANG_WARN_CONSTANT_CONVERSION = YES;
				CLANG_WARN_DIRECT_OBJC_ISA_USAGE = YES_ERROR;
				CLANG_WARN_DOCUMENTATION_COMMENTS = YES;
				CLANG_WARN_EMPTY_BODY = YES;
				CLANG_WARN_ENUM_CONVERSION = YES;
				CLANG_WARN_INFINITE_RECURSION = YES;
				CLANG_WARN_INT_CONVERSION = YES;
				CLANG_WARN_NON_LITERAL_NULL_CONVERSION = YES;
				CLANG_WARN_OBJC_LITERAL_CONVERSION = YES;
				CLANG_WARN_OBJC_ROOT_CLASS = YES_ERROR;
				CLANG_WARN_RANGE_LOOP_ANALYSIS = YES;
				CLANG_WARN_STRICT_PROTOTYPES = YES;
				CLANG_WARN_SUSPICIOUS_MOVE = YES;
				CLANG_WARN_UNGUARDED_AVAILABILITY = YES_AGGRESSIVE;
				CLANG_WARN_UNREACHABLE_CODE = YES;
				CLANG_WARN__DUPLICATE_METHOD_MATCH = YES;
				CODE_SIGN_IDENTITY = "iPhone Developer";
				COPY_PHASE_STRIP = NO;
				DEBUG_INFORMATION_FORMAT = dwarf;
				ENABLE_STRICT_OBJC_MSGSEND = YES;
				ENABLE_TESTABILITY = YES;
				GCC_C_LANGUAGE_STANDARD = gnu11;
				GCC_DYNAMIC_NO_PIC = NO;
				GCC_NO_COMMON_BLOCKS = YES;
				GCC_OPTIMIZATION_LEVEL = 0;
				GCC_PREPROCESSOR_DEFINITIONS = (
					"DEBUG=1",
					"$(inherited)",
				);
				GCC_WARN_64_TO_32_BIT_CONVERSION = YES;
				GCC_WARN_ABOUT_RETURN_TYPE = YES_ERROR;
				GCC_WARN_UNDECLARED_SELECTOR = YES;
				GCC_WARN_UNINITIALIZED_AUTOS = YES_AGGRESSIVE;
				GCC_WARN_UNUSED_FUNCTION = YES;
				GCC_WARN_UNUSED_VARIABLE = YES;
				IPHONEOS_DEPLOYMENT_TARGET = 11.2;
				MTL_ENABLE_DEBUG_INFO = YES;
				ONLY_ACTIVE_ARCH = YES;
				SDKROOT = iphoneos;
				SWIFT_ACTIVE_COMPILATION_CONDITIONS = DEBUG;
				SWIFT_OPTIMIZATION_LEVEL = "-Onone";
			};
			name = Debug;
		};
		485C4041203EDD7500AD84E8 /* Release */ = {
			isa = XCBuildConfiguration;
			buildSettings = {
				ALWAYS_SEARCH_USER_PATHS = NO;
				CLANG_ANALYZER_NONNULL = YES;
				CLANG_ANALYZER_NUMBER_OBJECT_CONVERSION = YES_AGGRESSIVE;
				CLANG_CXX_LANGUAGE_STANDARD = "gnu++14";
				CLANG_CXX_LIBRARY = "libc++";
				CLANG_ENABLE_MODULES = YES;
				CLANG_ENABLE_OBJC_ARC = YES;
				CLANG_WARN_BLOCK_CAPTURE_AUTORELEASING = YES;
				CLANG_WARN_BOOL_CONVERSION = YES;
				CLANG_WARN_COMMA = YES;
				CLANG_WARN_CONSTANT_CONVERSION = YES;
				CLANG_WARN_DIRECT_OBJC_ISA_USAGE = YES_ERROR;
				CLANG_WARN_DOCUMENTATION_COMMENTS = YES;
				CLANG_WARN_EMPTY_BODY = YES;
				CLANG_WARN_ENUM_CONVERSION = YES;
				CLANG_WARN_INFINITE_RECURSION = YES;
				CLANG_WARN_INT_CONVERSION = YES;
				CLANG_WARN_NON_LITERAL_NULL_CONVERSION = YES;
				CLANG_WARN_OBJC_LITERAL_CONVERSION = YES;
				CLANG_WARN_OBJC_ROOT_CLASS = YES_ERROR;
				CLANG_WARN_RANGE_LOOP_ANALYSIS = YES;
				CLANG_WARN_STRICT_PROTOTYPES = YES;
				CLANG_WARN_SUSPICIOUS_MOVE = YES;
				CLANG_WARN_UNGUARDED_AVAILABILITY = YES_AGGRESSIVE;
				CLANG_WARN_UNREACHABLE_CODE = YES;
				CLANG_WARN__DUPLICATE_METHOD_MATCH = YES;
				CODE_SIGN_IDENTITY = "iPhone Developer";
				COPY_PHASE_STRIP = NO;
				DEBUG_INFORMATION_FORMAT = "dwarf-with-dsym";
				ENABLE_NS_ASSERTIONS = NO;
				ENABLE_STRICT_OBJC_MSGSEND = YES;
				GCC_C_LANGUAGE_STANDARD = gnu11;
				GCC_NO_COMMON_BLOCKS = YES;
				GCC_WARN_64_TO_32_BIT_CONVERSION = YES;
				GCC_WARN_ABOUT_RETURN_TYPE = YES_ERROR;
				GCC_WARN_UNDECLARED_SELECTOR = YES;
				GCC_WARN_UNINITIALIZED_AUTOS = YES_AGGRESSIVE;
				GCC_WARN_UNUSED_FUNCTION = YES;
				GCC_WARN_UNUSED_VARIABLE = YES;
				IPHONEOS_DEPLOYMENT_TARGET = 11.2;
				MTL_ENABLE_DEBUG_INFO = NO;
				SDKROOT = iphoneos;
				SWIFT_OPTIMIZATION_LEVEL = "-Owholemodule";
				VALIDATE_PRODUCT = YES;
			};
			name = Release;
		};
		485C4043203EDD7500AD84E8 /* Debug */ = {
			isa = XCBuildConfiguration;
			baseConfigurationReference = B226C76CF40AF498E65B2D9F /* Pods-PruebaTablas.debug.xcconfig */;
			buildSettings = {
				ASSETCATALOG_COMPILER_APPICON_NAME = AppIcon;
				CODE_SIGN_STYLE = Automatic;
				DEVELOPMENT_TEAM = 3HPL2YT2WJ;
				INFOPLIST_FILE = PruebaTablas/Info.plist;
				LD_RUNPATH_SEARCH_PATHS = "$(inherited) @executable_path/Frameworks";
				PRODUCT_BUNDLE_IDENTIFIER = com.test.pruebatablas.PruebaTablas;
				PRODUCT_NAME = "$(TARGET_NAME)";
				SWIFT_VERSION = 4.0;
				TARGETED_DEVICE_FAMILY = "1,2";
			};
			name = Debug;
		};
		485C4044203EDD7500AD84E8 /* Release */ = {
			isa = XCBuildConfiguration;
			baseConfigurationReference = 738B0D647D48728513AE6553 /* Pods-PruebaTablas.release.xcconfig */;
			buildSettings = {
				ASSETCATALOG_COMPILER_APPICON_NAME = AppIcon;
				CODE_SIGN_STYLE = Automatic;
				DEVELOPMENT_TEAM = 3HPL2YT2WJ;
				INFOPLIST_FILE = PruebaTablas/Info.plist;
				LD_RUNPATH_SEARCH_PATHS = "$(inherited) @executable_path/Frameworks";
				PRODUCT_BUNDLE_IDENTIFIER = com.test.pruebatablas.PruebaTablas;
				PRODUCT_NAME = "$(TARGET_NAME)";
				SWIFT_VERSION = 4.0;
				TARGETED_DEVICE_FAMILY = "1,2";
			};
			name = Release;
		};
		485C4046203EDD7500AD84E8 /* Debug */ = {
			isa = XCBuildConfiguration;
			baseConfigurationReference = 117ACF03F4CB13983DF6740B /* Pods-PruebaTablasTests.debug.xcconfig */;
			buildSettings = {
				ALWAYS_EMBED_SWIFT_STANDARD_LIBRARIES = YES;
				BUNDLE_LOADER = "$(TEST_HOST)";
				CODE_SIGN_STYLE = Automatic;
				DEVELOPMENT_TEAM = 3HPL2YT2WJ;
				INFOPLIST_FILE = PruebaTablasTests/Info.plist;
				LD_RUNPATH_SEARCH_PATHS = "$(inherited) @executable_path/Frameworks @loader_path/Frameworks";
				PRODUCT_BUNDLE_IDENTIFIER = com.test.pruebatablas.PruebaTablasTests;
				PRODUCT_NAME = "$(TARGET_NAME)";
				SWIFT_VERSION = 4.0;
				TARGETED_DEVICE_FAMILY = "1,2";
				TEST_HOST = "$(BUILT_PRODUCTS_DIR)/PruebaTablas.app/PruebaTablas";
			};
			name = Debug;
		};
		485C4047203EDD7500AD84E8 /* Release */ = {
			isa = XCBuildConfiguration;
			baseConfigurationReference = DDE263D240766765FE0DD405 /* Pods-PruebaTablasTests.release.xcconfig */;
			buildSettings = {
				ALWAYS_EMBED_SWIFT_STANDARD_LIBRARIES = YES;
				BUNDLE_LOADER = "$(TEST_HOST)";
				CODE_SIGN_STYLE = Automatic;
				DEVELOPMENT_TEAM = 3HPL2YT2WJ;
				INFOPLIST_FILE = PruebaTablasTests/Info.plist;
				LD_RUNPATH_SEARCH_PATHS = "$(inherited) @executable_path/Frameworks @loader_path/Frameworks";
				PRODUCT_BUNDLE_IDENTIFIER = com.test.pruebatablas.PruebaTablasTests;
				PRODUCT_NAME = "$(TARGET_NAME)";
				SWIFT_VERSION = 4.0;
				TARGETED_DEVICE_FAMILY = "1,2";
				TEST_HOST = "$(BUILT_PRODUCTS_DIR)/PruebaTablas.app/PruebaTablas";
			};
			name = Release;
		};
		485C4049203EDD7500AD84E8 /* Debug */ = {
			isa = XCBuildConfiguration;
			baseConfigurationReference = 111399BC3131584F323107F1 /* Pods-PruebaTablasUITests.debug.xcconfig */;
			buildSettings = {
				ALWAYS_EMBED_SWIFT_STANDARD_LIBRARIES = YES;
				CODE_SIGN_STYLE = Automatic;
				DEVELOPMENT_TEAM = 3HPL2YT2WJ;
				INFOPLIST_FILE = PruebaTablasUITests/Info.plist;
				LD_RUNPATH_SEARCH_PATHS = "$(inherited) @executable_path/Frameworks @loader_path/Frameworks";
				PRODUCT_BUNDLE_IDENTIFIER = com.test.pruebatablas.PruebaTablasUITests;
				PRODUCT_NAME = "$(TARGET_NAME)";
				SWIFT_VERSION = 4.0;
				TARGETED_DEVICE_FAMILY = "1,2";
				TEST_TARGET_NAME = PruebaTablas;
			};
			name = Debug;
		};
		485C404A203EDD7500AD84E8 /* Release */ = {
			isa = XCBuildConfiguration;
			baseConfigurationReference = BA9EB0C5479D45A547E7CD3E /* Pods-PruebaTablasUITests.release.xcconfig */;
			buildSettings = {
				ALWAYS_EMBED_SWIFT_STANDARD_LIBRARIES = YES;
				CODE_SIGN_STYLE = Automatic;
				DEVELOPMENT_TEAM = 3HPL2YT2WJ;
				INFOPLIST_FILE = PruebaTablasUITests/Info.plist;
				LD_RUNPATH_SEARCH_PATHS = "$(inherited) @executable_path/Frameworks @loader_path/Frameworks";
				PRODUCT_BUNDLE_IDENTIFIER = com.test.pruebatablas.PruebaTablasUITests;
				PRODUCT_NAME = "$(TARGET_NAME)";
				SWIFT_VERSION = 4.0;
				TARGETED_DEVICE_FAMILY = "1,2";
				TEST_TARGET_NAME = PruebaTablas;
			};
			name = Release;
		};
/* End XCBuildConfiguration section */

/* Begin XCConfigurationList section */
		485C4015203EDD7400AD84E8 /* Build configuration list for PBXProject "PruebaTablas" */ = {
			isa = XCConfigurationList;
			buildConfigurations = (
				485C4040203EDD7500AD84E8 /* Debug */,
				485C4041203EDD7500AD84E8 /* Release */,
			);
			defaultConfigurationIsVisible = 0;
			defaultConfigurationName = Release;
		};
		485C4042203EDD7500AD84E8 /* Build configuration list for PBXNativeTarget "PruebaTablas" */ = {
			isa = XCConfigurationList;
			buildConfigurations = (
				485C4043203EDD7500AD84E8 /* Debug */,
				485C4044203EDD7500AD84E8 /* Release */,
			);
			defaultConfigurationIsVisible = 0;
			defaultConfigurationName = Release;
		};
		485C4045203EDD7500AD84E8 /* Build configuration list for PBXNativeTarget "PruebaTablasTests" */ = {
			isa = XCConfigurationList;
			buildConfigurations = (
				485C4046203EDD7500AD84E8 /* Debug */,
				485C4047203EDD7500AD84E8 /* Release */,
			);
			defaultConfigurationIsVisible = 0;
			defaultConfigurationName = Release;
		};
		485C4048203EDD7500AD84E8 /* Build configuration list for PBXNativeTarget "PruebaTablasUITests" */ = {
			isa = XCConfigurationList;
			buildConfigurations = (
				485C4049203EDD7500AD84E8 /* Debug */,
				485C404A203EDD7500AD84E8 /* Release */,
			);
			defaultConfigurationIsVisible = 0;
			defaultConfigurationName = Release;
		};
/* End XCConfigurationList section */
	};
	rootObject = 485C4012203EDD7400AD84E8 /* Project object */;
}
